{
  "name": "vorlage1",
  "version": "0.0.1",
  "lockfileVersion": 1,
  "requires": true,
  "dependencies": {
    "@angular/common": {
      "version": "7.2.15",
      "resolved": "https://registry.npmjs.org/@angular/common/-/common-7.2.15.tgz",
      "integrity": "sha512-2b5JY2HWVHCf3D1GZjmde7jdAXSTXkYtmjLtA9tQkjOOTr80eHpNSujQqnzb97dk9VT9OjfjqTQd7K3pxZz8jw==",
      "requires": {
        "tslib": "^1.9.0"
      }
    },
    "@angular/core": {
      "version": "7.2.15",
      "resolved": "https://registry.npmjs.org/@angular/core/-/core-7.2.15.tgz",
      "integrity": "sha512-XsuYm0jEU/mOqwDOk2utThv8J9kESkAerfuCHClE9rB2TtHUOGCfekF7lJWqjjypu6/J9ygoPFo7hdAE058ZGg==",
      "requires": {
        "tslib": "^1.9.0"
      }
    },
    "@angular/forms": {
      "version": "7.2.15",
      "resolved": "https://registry.npmjs.org/@angular/forms/-/forms-7.2.15.tgz",
      "integrity": "sha512-p0kcIQLtBBC1qeTA6M3nOuXf/k91E80FKquVM9zEsO2kDjI0oZJVfFYL2UMov5samlJOPN+t6lRHEIUa7ApPsw==",
      "requires": {
        "tslib": "^1.9.0"
      }
    },
    "@angular/http": {
      "version": "7.2.15",
      "resolved": "https://registry.npmjs.org/@angular/http/-/http-7.2.15.tgz",
      "integrity": "sha512-TR7PEdmLWNIre3Zn8lvyb4lSrvPUJhKLystLnp4hBMcWsJqq5iK8S3bnlR4viZ9HMlf7bW7+Hm4SI6aB3tdUtw==",
      "requires": {
        "tslib": "^1.9.0"
      }
    },
    "@angular/platform-browser": {
      "version": "7.2.15",
      "resolved": "https://registry.npmjs.org/@angular/platform-browser/-/platform-browser-7.2.15.tgz",
      "integrity": "sha512-aYgmPsbC9Tvp9vmKWD8voeAp4crwCay7/D6lM3ClEe2EeK934LuEXq3/uczMrFVbnIX7BBIo8fh03Tl7wbiGPw==",
      "requires": {
        "tslib": "^1.9.0"
      }
    },
    "@angular/platform-browser-dynamic": {
      "version": "7.2.15",
      "resolved": "https://registry.npmjs.org/@angular/platform-browser-dynamic/-/platform-browser-dynamic-7.2.15.tgz",
      "integrity": "sha512-UL2PqhzXMD769NQ6Lh6pxlBDKvN9Qol3XLRFil80lwJ1GRW16ITeYbCamcafIH2GOyd88IhmYcbMfUQ/6q4MMQ==",
      "requires": {
        "tslib": "^1.9.0"
      }
    },
    "@angular/router": {
      "version": "7.2.15",
      "resolved": "https://registry.npmjs.org/@angular/router/-/router-7.2.15.tgz",
      "integrity": "sha512-qAubRJRQanguUqJQ76J9GSZ4JFtoyhJKRmX5P23ANZJXpB6YLzF2fJmOGi+E6cV8F0tKBMEq1pjxFTisx0MXwQ==",
      "requires": {
        "tslib": "^1.9.0"
      }
    },
    "@ionic-native/core": {
      "version": "5.12.0",
      "resolved": "https://registry.npmjs.org/@ionic-native/core/-/core-5.12.0.tgz",
      "integrity": "sha512-sVhogeZJLyAjGmPc4J9tChrjIvHKqyeWOMYZLOLqgyarNMzUSGB/u2u2UGuASRqij3YgREdTvpG/vXQLhsI4zQ==",
      "requires": {
        "@types/cordova": "^0.0.34"
      }
    },
    "@ionic-native/splash-screen": {
      "version": "5.12.0",
      "resolved": "https://registry.npmjs.org/@ionic-native/splash-screen/-/splash-screen-5.12.0.tgz",
      "integrity": "sha512-hItsj+9PFWrsojMr3tLAP/CVP9yVqauVLUw1SM1c2juyvS2I8e99xDx8jesLlRqPDshFBGQGgiWKJdI0n6l+PA==",
      "requires": {
        "@types/cordova": "^0.0.34"
      }
    },
    "@ionic-native/status-bar": {
      "version": "5.12.0",
      "resolved": "https://registry.npmjs.org/@ionic-native/status-bar/-/status-bar-5.12.0.tgz",
      "integrity": "sha512-5l9dvqWE0qHcQzGU7RLA1vItCoh/Xvxf9GqCkXGbTG44jEIXasDquWyIU8BY7nkKyji3r/SyzEj7Pne+JT6WNw==",
      "requires": {
        "@types/cordova": "^0.0.34"
      }
    },
    "@ionic/angular": {
      "version": "4.7.4",
      "resolved": "https://registry.npmjs.org/@ionic/angular/-/angular-4.7.4.tgz",
      "integrity": "sha512-UCSxzYWLs9JkP07ggp/o6lLh/cQo4NHcr9LH7fcoMMGQA+i+p4X1m8qPkoiFhfK+ekMSpLiJnUkm+7wNS7+RGg==",
      "requires": {
        "@ionic/core": "4.7.4",
        "tslib": "^1.9.3"
      }
    },
    "@ionic/core": {
      "version": "4.7.4",
      "resolved": "https://registry.npmjs.org/@ionic/core/-/core-4.7.4.tgz",
      "integrity": "sha512-zvRN5zGhecZnT1jxi0ZG9Lq1kQG89RBrRaizM+pvHH984o7ywcPLQfbRme8G8hBvzK/WU1g1BEt9Hq6qIvG0ug==",
      "requires": {
        "ionicons": "^4.6.2",
        "tslib": "^1.10.0"
      }
    },
    "@types/cordova": {
      "version": "0.0.34",
      "resolved": "https://registry.npmjs.org/@types/cordova/-/cordova-0.0.34.tgz",
      "integrity": "sha1-6nrd907Ow9dimCegw54smt3HPQQ="
    },
    "core-js": {
      "version": "2.6.9",
      "resolved": "https://registry.npmjs.org/core-js/-/core-js-2.6.9.tgz",
      "integrity": "sha512-HOpZf6eXmnl7la+cUdMnLvUxKNqLUzJvgIziQ0DiF3JwSImNphIqdGqzj6hIKyX04MmV0poclQ7+wjWvxQyR2A=="
    },
    "ionicons": {
      "version": "4.6.2",
      "resolved": "https://registry.npmjs.org/ionicons/-/ionicons-4.6.2.tgz",
      "integrity": "sha512-OGQO/GCKFwHh5lX9wYzgfLjuj2rnQavixVgK3iv8nm7tcgYQVHw7MNNwNHY4H97ZlKiVx3qj4X5Txv9fx95oBw=="
    },
    "rxjs": {
      "version": "6.5.2",
      "resolved": "https://registry.npmjs.org/rxjs/-/rxjs-6.5.2.tgz",
      "integrity": "sha512-HUb7j3kvb7p7eCUHE3FqjoDsC1xfZQ4AHFWfTKSpZ+sAhhz5X1WX0ZuUqWbzB2QhSLp3DoLUG+hMdEDKqWo2Zg==",
      "requires": {
        "tslib": "^1.9.0"
      }
    },
    "tslib": {
      "version": "1.10.0",
      "resolved": "https://registry.npmjs.org/tslib/-/tslib-1.10.0.tgz",
      "integrity": "sha512-qOebF53frne81cf0S9B41ByenJ3/IuH8yJKngAX35CmiZySA0khhkovshKK+jGCaMnVomla7gVlIcc3EvKPbTQ=="
    },
    "zone.js": {
      "version": "0.8.29",
      "resolved": "https://registry.npmjs.org/zone.js/-/zone.js-0.8.29.tgz",
      "integrity": "sha512-mla2acNCMkWXBD+c+yeUrBUrzOxYMNFdQ6FGfigGGtEVBPJx07BQeJekjt9DmH1FtZek4E9rE1eRR9qQpxACOQ=="
    }
  }
}
